// !$*UTF8*$!
{
	archiveVersion = 1;
	classes = {
	};
	objectVersion = 46;
	objects = {

/* Begin PBXBuildFile section */
		249D9FE81C23607400B7EABD /* AppDelegate.swift in Sources */ = {isa = PBXBuildFile; fileRef = 249D9FE71C23607400B7EABD /* AppDelegate.swift */; };
		249D9FEA1C23607400B7EABD /* ViewController.swift in Sources */ = {isa = PBXBuildFile; fileRef = 249D9FE91C23607400B7EABD /* ViewController.swift */; };
		249D9FED1C23607400B7EABD /* Main.storyboard in Resources */ = {isa = PBXBuildFile; fileRef = 249D9FEB1C23607400B7EABD /* Main.storyboard */; };
		249D9FEF1C23607400B7EABD /* Assets.xcassets in Resources */ = {isa = PBXBuildFile; fileRef = 249D9FEE1C23607400B7EABD /* Assets.xcassets */; };
		249D9FF21C23607400B7EABD /* LaunchScreen.storyboard in Resources */ = {isa = PBXBuildFile; fileRef = 249D9FF01C23607400B7EABD /* LaunchScreen.storyboard */; };
/* End PBXBuildFile section */

/* Begin PBXFileReference section */
		249D9FE41C23607400B7EABD /* ExternalDataSource.app */ = {isa = PBXFileReference; explicitFileType = wrapper.application; includeInIndex = 0; path = ExternalDataSource.app; sourceTree = BUILT_PRODUCTS_DIR; };
		249D9FE71C23607400B7EABD /* AppDelegate.swift */ = {isa = PBXFileReference; lastKnownFileType = sourcecode.swift; path = AppDelegate.swift; sourceTree = "<group>"; };
		249D9FE91C23607400B7EABD /* ViewController.swift */ = {isa = PBXFileReference; lastKnownFileType = sourcecode.swift; path = ViewController.swift; sourceTree = "<group>"; };
		249D9FEC1C23607400B7EABD /* Base */ = {isa = PBXFileReference; lastKnownFileType = file.storyboard; name = Base; path = Base.lproj/Main.storyboard; sourceTree = "<group>"; };
		249D9FEE1C23607400B7EABD /* Assets.xcassets */ = {isa = PBXFileReference; lastKnownFileType = folder.assetcatalog; path = Assets.xcassets; sourceTree = "<group>"; };
		249D9FF11C23607400B7EABD /* Base */ = {isa = PBXFileReference; lastKnownFileType = file.storyboard; name = Base; path = Base.lproj/LaunchScreen.storyboard; sourceTree = "<group>"; };
		249D9FF31C23607400B7EABD /* Info.plist */ = {isa = PBXFileReference; lastKnownFileType = text.plist.xml; path = Info.plist; sourceTree = "<group>"; };
/* End PBXFileReference section */

/* Begin PBXFrameworksBuildPhase section */
		249D9FE11C23607400B7EABD /* Frameworks */ = {
			isa = PBXFrameworksBuildPhase;
			buildActionMask = 2147483647;
			files = (
			);
			runOnlyForDeploymentPostprocessing = 0;
		};
/* End PBXFrameworksBuildPhase section */

/* Begin PBXGroup section */
		249D9FDB1C23607400B7EABD = {
			isa = PBXGroup;
			children = (
				249D9FE61C23607400B7EABD /* ExternalDataSource */,
				249D9FE51C23607400B7EABD /* Products */,
			);
			sourceTree = "<group>";
		};
		249D9FE51C23607400B7EABD /* Products */ = {
			isa = PBXGroup;
			children = (
				249D9FE41C23607400B7EABD /* ExternalDataSource.app */,
			);
			name = Products;
			sourceTree = "<group>";
		};
		249D9FE61C23607400B7EABD /* ExternalDataSource */ = {
			isa = PBXGroup;
			children = (
				249D9FE71C23607400B7EABD /* AppDelegate.swift */,
				249D9FE91C23607400B7EABD /* ViewController.swift */,
				249D9FEB1C23607400B7EABD /* Main.storyboard */,
				249D9FEE1C23607400B7EABD /* Assets.xcassets */,
				249D9FF01C23607400B7EABD /* LaunchScreen.storyboard */,
				249D9FF31C23607400B7EABD /* Info.plist */,
			);
			path = ExternalDataSource;
			sourceTree = "<group>";
		};
/* End PBXGroup section */

/* Begin PBXNativeTarget section */
		249D9FE31C23607400B7EABD /* ExternalDataSource */ = {
			isa = PBXNativeTarget;
			buildConfigurationList = 249D9FF61C23607400B7EABD /* Build configuration list for PBXNativeTarget "ExternalDataSource" */;
			buildPhases = (
				249D9FE01C23607400B7EABD /* Sources */,
				249D9FE11C23607400B7EABD /* Frameworks */,
				249D9FE21C23607400B7EABD /* Resources */,
			);
			buildRules = (
			);
			dependencies = (
			);
			name = ExternalDataSource;
			productName = ExternalDataSource;
			productReference = 249D9FE41C23607400B7EABD /* ExternalDataSource.app */;
			productType = "com.apple.product-type.application";
		};
/* End PBXNativeTarget section */

/* Begin PBXProject section */
		249D9FDC1C23607400B7EABD /* Project object */ = {
			isa = PBXProject;
			attributes = {
				LastSwiftUpdateCheck = 0720;
				LastUpgradeCheck = 0720;
				ORGANIZATIONNAME = "Andrew Porter";
				TargetAttributes = {
					249D9FE31C23607400B7EABD = {
						CreatedOnToolsVersion = 7.2;
					};
				};
			};
			buildConfigurationList = 249D9FDF1C23607400B7EABD /* Build configuration list for PBXProject "ExternalDataSource" */;
			compatibilityVersion = "Xcode 3.2";
			developmentRegion = English;
			hasScannedForEncodings = 0;
			knownRegions = (
				en,
				Base,
			);
			mainGroup = 249D9FDB1C23607400B7EABD;
			productRefGroup = 249D9FE51C23607400B7EABD /* Products */;
			projectDirPath = "";
			projectRoot = "";
			targets = (
				249D9FE31C23607400B7EABD /* ExternalDataSource */,
			);
		};
/* End PBXProject section */

/* Begin PBXResourcesBuildPhase section */
		249D9FE21C23607400B7EABD /* Resources */ = {
			isa = PBXResourcesBuildPhase;
			buildActionMask = 2147483647;
			files = (
				249D9FF21C23607400B7EABD /* LaunchScreen.storyboard in Resources */,
				249D9FEF1C23607400B7EABD /* Assets.xcassets in Resources */,
				249D9FED1C23607400B7EABD /* Main.storyboard in Resources */,
			);
			runOnlyForDeploymentPostprocessing = 0;
		};
/* End PBXResourcesBuildPhase section */

/* Begin PBXSourcesBuildPhase section */
		249D9FE01C23607400B7EABD /* Sources */ = {
			isa = PBXSourcesBuildPhase;
			buildActionMask = 2147483647;
			files = (
				249D9FEA1C23607400B7EABD /* ViewController.swift in Sources */,
				249D9FE81C23607400B7EABD /* AppDelegate.swift in Sources */,
			);
			runOnlyForDeploymentPostprocessing = 0;
		};
/* End PBXSourcesBuildPhase section */

/* Begin PBXVariantGroup section */
		249D9FEB1C23607400B7EABD /* Main.storyboard */ = {
			isa = PBXVariantGroup;
			children = (
				249D9FEC1C23607400B7EABD /* Base */,
			);
			name = Main.storyboard;
			sourceTree = "<group>";
		};
		249D9FF01C23607400B7EABD /* LaunchScreen.storyboard */ = {
			isa = PBXVariantGroup;
			children = (
				249D9FF11C23607400B7EABD /* Base */,
			);
			name = LaunchScreen.storyboard;
			sourceTree = "<group>";
		};
/* End PBXVariantGroup section */

/* Begin XCBuildConfiguration section */
		249D9FF41C23607400B7EABD /* Debug */ = {
			isa = XCBuildConfiguration;
			buildSettings = {
				ALWAYS_SEARCH_USER_PATHS = NO;
				CLANG_CXX_LANGUAGE_STANDARD = "gnu++0x";
				CLANG_CXX_LIBRARY = "libc++";
				CLANG_ENABLE_MODULES = YES;
				CLANG_ENABLE_OBJC_ARC = YES;
				CLANG_WARN_BOOL_CONVERSION = YES;
				CLANG_WARN_CONSTANT_CONVERSION = YES;
				CLANG_WARN_DIRECT_OBJC_ISA_USAGE = YES_ERROR;
				CLANG_WARN_EMPTY_BODY = YES;
				CLANG_WARN_ENUM_CONVERSION = YES;
				CLANG_WARN_INT_CONVERSION = YES;
				CLANG_WARN_OBJC_ROOT_CLASS = YES_ERROR;
				CLANG_WARN_UNREACHABLE_CODE = YES;
				CLANG_WARN__DUPLICATE_METHOD_MATCH = YES;
				"CODE_SIGN_IDENTITY[sdk=iphoneos*]" = "iPhone Developer";
				COPY_PHASE_STRIP = NO;
				DEBUG_INFORMATION_FORMAT = dwarf;
				ENABLE_STRICT_OBJC_MSGSEND = YES;
				ENABLE_TESTABILITY = YES;
				GCC_C_LANGUAGE_STANDARD = gnu99;
				GCC_DYNAMIC_NO_PIC = NO;
				GCC_NO_COMMON_BLOCKS = YES;
				GCC_OPTIMIZATION_LEVEL = 0;
				GCC_PREPROCESSOR_DEFINITIONS = (
					"DEBUG=1",
					"$(inherited)",
				);
				GCC_WARN_64_TO_32_BIT_CONVERSION = YES;
				GCC_WARN_ABOUT_RETURN_TYPE = YES_ERROR;
				GCC_WARN_UNDECLARED_SELECTOR = YES;
				GCC_WARN_UNINITIALIZED_AUTOS = YES_AGGRESSIVE;
				GCC_WARN_UNUSED_FUNCTION = YES;
				GCC_WARN_UNUSED_VARIABLE = YES;
				IPHONEOS_DEPLOYMENT_TARGET = 9.2;
				MTL_ENABLE_DEBUG_INFO = YES;
				ONLY_ACTIVE_ARCH = YES;
				SDKROOT = iphoneos;
				SWIFT_OPTIMIZATION_LEVEL = "-Onone";
			};
			name = Debug;
		};
		249D9FF51C23607400B7EABD /* Release */ = {
			isa = XCBuildConfiguration;
			buildSettings = {
				ALWAYS_SEARCH_USER_PATHS = NO;
				CLANG_CXX_LANGUAGE_STANDARD = "gnu++0x";
				CLANG_CXX_LIBRARY = "libc++";
				CLANG_ENABLE_MODULES = YES;
				CLANG_ENABLE_OBJC_ARC = YES;
				CLANG_WARN_BOOL_CONVERSION = YES;
				CLANG_WARN_CONSTANT_CONVERSION = YES;
				CLANG_WARN_DIRECT_OBJC_ISA_USAGE = YES_ERROR;
				CLANG_WARN_EMPTY_BODY = YES;
				CLANG_WARN_ENUM_CONVERSION = YES;
				CLANG_WARN_INT_CONVERSION = YES;
				CLANG_WARN_OBJC_ROOT_CLASS = YES_ERROR;
				CLANG_WARN_UNREACHABLE_CODE = YES;
				CLANG_WARN__DUPLICATE_METHOD_MATCH = YES;
				"CODE_SIGN_IDENTITY[sdk=iphoneos*]" = "iPhone Developer";
				COPY_PHASE_STRIP = NO;
				DEBUG_INFORMATION_FORMAT = "dwarf-with-dsym";
				ENABLE_NS_ASSERTIONS = NO;
				ENABLE_STRICT_OBJC_MSGSEND = YES;
				GCC_C_LANGUAGE_STANDARD = gnu99;
				GCC_NO_COMMON_BLOCKS = YES;
				GCC_WARN_64_TO_32_BIT_CONVERSION = YES;
				GCC_WARN_ABOUT_RETURN_TYPE = YES_ERROR;
				GCC_WARN_UNDECLARED_SELECTOR = YES;
				GCC_WARN_UNINITIALIZED_AUTOS = YES_AGGRESSIVE;
				GCC_WARN_UNUSED_FUNCTION = YES;
				GCC_WARN_UNUSED_VARIABLE = YES;
				IPHONEOS_DEPLOYMENT_TARGET = 9.2;
				MTL_ENABLE_DEBUG_INFO = NO;
				SDKROOT = iphoneos;
				VALIDATE_PRODUCT = YES;
			};
			name = Release;
		};
		249D9FF71C23607400B7EABD /* Debug */ = {
			isa = XCBuildConfiguration;
			buildSettings = {
				ASSETCATALOG_COMPILER_APPICON_NAME = AppIcon;
				INFOPLIST_FILE = ExternalDataSource/Info.plist;
				LD_RUNPATH_SEARCH_PATHS = "$(inherited) @executable_path/Frameworks";
				PRODUCT_BUNDLE_IDENTIFIER = com.HAPorter.ExternalDataSource;
				PRODUCT_NAME = "$(TARGET_NAME)";
			};
			name = Debug;
		};
		249D9FF81C23607400B7EABD /* Release */ = {
			isa = XCBuildConfiguration;
			buildSettings = {
				ASSETCATALOG_COMPILER_APPICON_NAME = AppIcon;
				INFOPLIST_FILE = ExternalDataSource/Info.plist;
				LD_RUNPATH_SEARCH_PATHS = "$(inherited) @executable_path/Frameworks";
				PRODUCT_BUNDLE_IDENTIFIER = com.HAPorter.ExternalDataSource;
				PRODUCT_NAME = "$(TARGET_NAME)";
			};
			name = Release;
		};
/* End XCBuildConfiguration section */

/* Begin XCConfigurationList section */
		249D9FDF1C23607400B7EABD /* Build configuration list for PBXProject "ExternalDataSource" */ = {
			isa = XCConfigurationList;
			buildConfigurations = (
				249D9FF41C23607400B7EABD /* Debug */,
				249D9FF51C23607400B7EABD /* Release */,
			);
			defaultConfigurationIsVisible = 0;
			defaultConfigurationName = Release;
		};
		249D9FF61C23607400B7EABD /* Build configuration list for PBXNativeTarget "ExternalDataSource" */ = {
			isa = XCConfigurationList;
			buildConfigurations = (
				249D9FF71C23607400B7EABD /* Debug */,
				249D9FF81C23607400B7EABD /* Release */,
			);
			defaultConfigurationIsVisible = 0;
		};
/* End XCConfigurationList section */
	};
	rootObject = 249D9FDC1C23607400B7EABD /* Project object */;
}
